
Microsoft Visual Studio Solution File, Format Version 12.00
# Visual Studio Version 17
VisualStudioVersion = 17.4.33205.214
MinimumVisualStudioVersion = 10.0.40219.1
Project("{FAE04EC0-301F-11D3-BF4B-00C04F79EFBC}") = "ExcetionRegexs", "ExcetionRegexs\ExcetionRegexs.csproj", "{0637CCB1-B531-4107-8DDC-A4E0AE7A8CAE}"
EndProject
Project("{FAE04EC0-301F-11D3-BF4B-00C04F79EFBC}") = "TestProjectExcetion", "..\TestProjectExcetion\TestProjectExcetion.csproj", "{B495591A-C674-482D-BFE0-4FF322501A08}"
EndProject
Global
	GlobalSection(SolutionConfigurationPlatforms) = preSolution
		Debug|Any CPU = Debug|Any CPU
		Release|Any CPU = Release|Any CPU
	EndGlobalSection
	GlobalSection(ProjectConfigurationPlatforms) = postSolution
		{0637CCB1-B531-4107-8DDC-A4E0AE7A8CAE}.Debug|Any CPU.ActiveCfg = Debug|Any CPU
		{0637CCB1-B531-4107-8DDC-A4E0AE7A8CAE}.Debug|Any CPU.Build.0 = Debug|Any CPU
		{0637CCB1-B531-4107-8DDC-A4E0AE7A8CAE}.Release|Any CPU.ActiveCfg = Release|Any CPU
		{0637CCB1-B531-4107-8DDC-A4E0AE7A8CAE}.Release|Any CPU.Build.0 = Release|Any CPU
		{B495591A-C674-482D-BFE0-4FF322501A08}.Debug|Any CPU.ActiveCfg = Debug|Any CPU
		{B495591A-C674-482D-BFE0-4FF322501A08}.Debug|Any CPU.Build.0 = Debug|Any CPU
		{B495591A-C674-482D-BFE0-4FF322501A08}.Release|Any CPU.ActiveCfg = Release|Any CPU
		{B495591A-C674-482D-BFE0-4FF322501A08}.Release|Any CPU.Build.0 = Release|Any CPU
	EndGlobalSection
	GlobalSection(SolutionProperties) = preSolution
		HideSolutionNode = FALSE
	EndGlobalSection
	GlobalSection(ExtensibilityGlobals) = postSolution
		SolutionGuid = {96247656-4068-4E8D-975A-8D51287D4CF2}
	EndGlobalSection
EndGlobal
